
Microsoft Visual Studio Solution File, Format Version 12.00
# Visual Studio Version 16
VisualStudioVersion = 16.0.29123.88
MinimumVisualStudioVersion = 10.0.40219.1
Project("{FAE04EC0-301F-11D3-BF4B-00C04F79EFBC}") = "Mini-Challenge", "Mini-Challenge\Mini-Challenge.csproj", "{669074BA-210D-457E-B8E8-2675BCE65731}"
EndProject
Global
	GlobalSection(SolutionConfigurationPlatforms) = preSolution
		Debug|Any CPU = Debug|Any CPU
		Release|Any CPU = Release|Any CPU
	EndGlobalSection
	GlobalSection(ProjectConfigurationPlatforms) = postSolution
		{669074BA-210D-457E-B8E8-2675BCE65731}.Debug|Any CPU.ActiveCfg = Debug|Any CPU
		{669074BA-210D-457E-B8E8-2675BCE65731}.Debug|Any CPU.Build.0 = Debug|Any CPU
		{669074BA-210D-457E-B8E8-2675BCE65731}.Release|Any CPU.ActiveCfg = Release|Any CPU
		{669074BA-210D-457E-B8E8-2675BCE65731}.Release|Any CPU.Build.0 = Release|Any CPU
	EndGlobalSection
	GlobalSection(SolutionProperties) = preSolution
		HideSolutionNode = FALSE
	EndGlobalSection
	GlobalSection(ExtensibilityGlobals) = postSolution
		SolutionGuid = {E19C2AA4-027D-4756-B193-CB31BCA3E699}
	EndGlobalSection
EndGlobal
