
Microsoft Visual Studio Solution File, Format Version 12.00
# Visual Studio 15
VisualStudioVersion = 15.0.28307.572
MinimumVisualStudioVersion = 10.0.40219.1
Project("{FAE04EC0-301F-11D3-BF4B-00C04F79EFBC}") = "Nested Repetition", "Nested Repetition\Nested Repetition.csproj", "{FF401025-F5A8-4014-A2AE-CC6D2399836B}"
EndProject
Project("{FAE04EC0-301F-11D3-BF4B-00C04F79EFBC}") = "Exercise 1.2", "Exercise 1.2\Exercise 1.2.csproj", "{0A00CE4B-3A5C-4548-A498-52045E027A0F}"
EndProject
Project("{FAE04EC0-301F-11D3-BF4B-00C04F79EFBC}") = "Exercise 1.1", "Exercise 1.1\Exercise 1.1.csproj", "{68B11674-0A09-4319-A83A-8AD85FCDB22E}"
EndProject
Project("{FAE04EC0-301F-11D3-BF4B-00C04F79EFBC}") = "Exercise 2.1", "Exercise 2.1\Exercise 2.1.csproj", "{49ADBC6C-6C78-40C1-91B9-461D260479E2}"
EndProject
Project("{FAE04EC0-301F-11D3-BF4B-00C04F79EFBC}") = "Exercsise 2.2", "Exercsise 2.2\Exercsise 2.2.csproj", "{2A3BF428-360C-413D-A6F9-A5DCCF109101}"
EndProject
Project("{FAE04EC0-301F-11D3-BF4B-00C04F79EFBC}") = "Exercise 2.3", "Exercise 2.3\Exercise 2.3.csproj", "{26C0FFA2-4291-4516-A419-E7DF9142EF1A}"
EndProject
Project("{FAE04EC0-301F-11D3-BF4B-00C04F79EFBC}") = "Exercise 2.4", "ConsoleApp1\Exercise 2.4.csproj", "{A3313FAA-A6AB-4602-921C-69D8D0E17F18}"
EndProject
Global
	GlobalSection(SolutionConfigurationPlatforms) = preSolution
		Debug|Any CPU = Debug|Any CPU
		Release|Any CPU = Release|Any CPU
	EndGlobalSection
	GlobalSection(ProjectConfigurationPlatforms) = postSolution
		{FF401025-F5A8-4014-A2AE-CC6D2399836B}.Debug|Any CPU.ActiveCfg = Debug|Any CPU
		{FF401025-F5A8-4014-A2AE-CC6D2399836B}.Debug|Any CPU.Build.0 = Debug|Any CPU
		{FF401025-F5A8-4014-A2AE-CC6D2399836B}.Release|Any CPU.ActiveCfg = Release|Any CPU
		{FF401025-F5A8-4014-A2AE-CC6D2399836B}.Release|Any CPU.Build.0 = Release|Any CPU
		{0A00CE4B-3A5C-4548-A498-52045E027A0F}.Debug|Any CPU.ActiveCfg = Debug|Any CPU
		{0A00CE4B-3A5C-4548-A498-52045E027A0F}.Debug|Any CPU.Build.0 = Debug|Any CPU
		{0A00CE4B-3A5C-4548-A498-52045E027A0F}.Release|Any CPU.ActiveCfg = Release|Any CPU
		{0A00CE4B-3A5C-4548-A498-52045E027A0F}.Release|Any CPU.Build.0 = Release|Any CPU
		{68B11674-0A09-4319-A83A-8AD85FCDB22E}.Debug|Any CPU.ActiveCfg = Debug|Any CPU
		{68B11674-0A09-4319-A83A-8AD85FCDB22E}.Debug|Any CPU.Build.0 = Debug|Any CPU
		{68B11674-0A09-4319-A83A-8AD85FCDB22E}.Release|Any CPU.ActiveCfg = Release|Any CPU
		{68B11674-0A09-4319-A83A-8AD85FCDB22E}.Release|Any CPU.Build.0 = Release|Any CPU
		{49ADBC6C-6C78-40C1-91B9-461D260479E2}.Debug|Any CPU.ActiveCfg = Debug|Any CPU
		{49ADBC6C-6C78-40C1-91B9-461D260479E2}.Debug|Any CPU.Build.0 = Debug|Any CPU
		{49ADBC6C-6C78-40C1-91B9-461D260479E2}.Release|Any CPU.ActiveCfg = Release|Any CPU
		{49ADBC6C-6C78-40C1-91B9-461D260479E2}.Release|Any CPU.Build.0 = Release|Any CPU
		{2A3BF428-360C-413D-A6F9-A5DCCF109101}.Debug|Any CPU.ActiveCfg = Debug|Any CPU
		{2A3BF428-360C-413D-A6F9-A5DCCF109101}.Debug|Any CPU.Build.0 = Debug|Any CPU
		{2A3BF428-360C-413D-A6F9-A5DCCF109101}.Release|Any CPU.ActiveCfg = Release|Any CPU
		{2A3BF428-360C-413D-A6F9-A5DCCF109101}.Release|Any CPU.Build.0 = Release|Any CPU
		{26C0FFA2-4291-4516-A419-E7DF9142EF1A}.Debug|Any CPU.ActiveCfg = Debug|Any CPU
		{26C0FFA2-4291-4516-A419-E7DF9142EF1A}.Debug|Any CPU.Build.0 = Debug|Any CPU
		{26C0FFA2-4291-4516-A419-E7DF9142EF1A}.Release|Any CPU.ActiveCfg = Release|Any CPU
		{26C0FFA2-4291-4516-A419-E7DF9142EF1A}.Release|Any CPU.Build.0 = Release|Any CPU
		{A3313FAA-A6AB-4602-921C-69D8D0E17F18}.Debug|Any CPU.ActiveCfg = Debug|Any CPU
		{A3313FAA-A6AB-4602-921C-69D8D0E17F18}.Debug|Any CPU.Build.0 = Debug|Any CPU
		{A3313FAA-A6AB-4602-921C-69D8D0E17F18}.Release|Any CPU.ActiveCfg = Release|Any CPU
		{A3313FAA-A6AB-4602-921C-69D8D0E17F18}.Release|Any CPU.Build.0 = Release|Any CPU
	EndGlobalSection
	GlobalSection(SolutionProperties) = preSolution
		HideSolutionNode = FALSE
	EndGlobalSection
	GlobalSection(ExtensibilityGlobals) = postSolution
		SolutionGuid = {B725BB63-89F9-4C62-A5B7-C1F9919F7B44}
	EndGlobalSection
EndGlobal
