
Microsoft Visual Studio Solution File, Format Version 12.00
# Visual Studio 15
VisualStudioVersion = 15.0.28307.572
MinimumVisualStudioVersion = 10.0.40219.1
Project("{FAE04EC0-301F-11D3-BF4B-00C04F79EFBC}") = "Arrays and Lists", "Arrays and Lists\Arrays and Lists.csproj", "{0BEBB5A2-CED8-4779-B993-0DB1C0D7D568}"
EndProject
Project("{FAE04EC0-301F-11D3-BF4B-00C04F79EFBC}") = "Arrays1", "Arrays1\Arrays1.csproj", "{C3EB31D2-48F8-48C8-892D-840370F65D44}"
EndProject
Project("{FAE04EC0-301F-11D3-BF4B-00C04F79EFBC}") = "Arrays2", "Arrays2\Arrays2.csproj", "{92B86095-3449-4189-B720-C3901C014837}"
EndProject
Project("{FAE04EC0-301F-11D3-BF4B-00C04F79EFBC}") = "Lists1", "Lists1\Lists1.csproj", "{90CBD2C1-62A5-4824-918E-B59BA58E141D}"
EndProject
Project("{FAE04EC0-301F-11D3-BF4B-00C04F79EFBC}") = "List2", "List2\List2.csproj", "{F4569CBB-4905-42CB-922E-73D0FED0D603}"
EndProject
Global
	GlobalSection(SolutionConfigurationPlatforms) = preSolution
		Debug|Any CPU = Debug|Any CPU
		Release|Any CPU = Release|Any CPU
	EndGlobalSection
	GlobalSection(ProjectConfigurationPlatforms) = postSolution
		{0BEBB5A2-CED8-4779-B993-0DB1C0D7D568}.Debug|Any CPU.ActiveCfg = Debug|Any CPU
		{0BEBB5A2-CED8-4779-B993-0DB1C0D7D568}.Debug|Any CPU.Build.0 = Debug|Any CPU
		{0BEBB5A2-CED8-4779-B993-0DB1C0D7D568}.Release|Any CPU.ActiveCfg = Release|Any CPU
		{0BEBB5A2-CED8-4779-B993-0DB1C0D7D568}.Release|Any CPU.Build.0 = Release|Any CPU
		{C3EB31D2-48F8-48C8-892D-840370F65D44}.Debug|Any CPU.ActiveCfg = Debug|Any CPU
		{C3EB31D2-48F8-48C8-892D-840370F65D44}.Debug|Any CPU.Build.0 = Debug|Any CPU
		{C3EB31D2-48F8-48C8-892D-840370F65D44}.Release|Any CPU.ActiveCfg = Release|Any CPU
		{C3EB31D2-48F8-48C8-892D-840370F65D44}.Release|Any CPU.Build.0 = Release|Any CPU
		{92B86095-3449-4189-B720-C3901C014837}.Debug|Any CPU.ActiveCfg = Debug|Any CPU
		{92B86095-3449-4189-B720-C3901C014837}.Debug|Any CPU.Build.0 = Debug|Any CPU
		{92B86095-3449-4189-B720-C3901C014837}.Release|Any CPU.ActiveCfg = Release|Any CPU
		{92B86095-3449-4189-B720-C3901C014837}.Release|Any CPU.Build.0 = Release|Any CPU
		{90CBD2C1-62A5-4824-918E-B59BA58E141D}.Debug|Any CPU.ActiveCfg = Debug|Any CPU
		{90CBD2C1-62A5-4824-918E-B59BA58E141D}.Debug|Any CPU.Build.0 = Debug|Any CPU
		{90CBD2C1-62A5-4824-918E-B59BA58E141D}.Release|Any CPU.ActiveCfg = Release|Any CPU
		{90CBD2C1-62A5-4824-918E-B59BA58E141D}.Release|Any CPU.Build.0 = Release|Any CPU
		{F4569CBB-4905-42CB-922E-73D0FED0D603}.Debug|Any CPU.ActiveCfg = Debug|Any CPU
		{F4569CBB-4905-42CB-922E-73D0FED0D603}.Debug|Any CPU.Build.0 = Debug|Any CPU
		{F4569CBB-4905-42CB-922E-73D0FED0D603}.Release|Any CPU.ActiveCfg = Release|Any CPU
		{F4569CBB-4905-42CB-922E-73D0FED0D603}.Release|Any CPU.Build.0 = Release|Any CPU
	EndGlobalSection
	GlobalSection(SolutionProperties) = preSolution
		HideSolutionNode = FALSE
	EndGlobalSection
	GlobalSection(ExtensibilityGlobals) = postSolution
		SolutionGuid = {FE1594EC-99D5-4609-B014-D689607D5355}
	EndGlobalSection
EndGlobal
